Microsoft Visual Studio Solution File, Format Version 12.00
# Visual Studio Version 17
VisualStudioVersion = 17.5.2.0
MinimumVisualStudioVersion = 10.0.40219.1
Project("{FAE04EC0-301F-11D3-BF4B-00C04F79EFBC}") = "Rock Paper Scissors Lizard Spock", "Rock Paper Scissors Lizard Spock.csproj", "{C8615600-F4E9-AE3A-0A67-77AF560C119B}"
EndProject
Global
	GlobalSection(SolutionConfigurationPlatforms) = preSolution
		Debug|Any CPU = Debug|Any CPU
		Release|Any CPU = Release|Any CPU
	EndGlobalSection
	GlobalSection(ProjectConfigurationPlatforms) = postSolution
		{C8615600-F4E9-AE3A-0A67-77AF560C119B}.Debug|Any CPU.ActiveCfg = Debug|Any CPU
		{C8615600-F4E9-AE3A-0A67-77AF560C119B}.Debug|Any CPU.Build.0 = Debug|Any CPU
		{C8615600-F4E9-AE3A-0A67-77AF560C119B}.Release|Any CPU.ActiveCfg = Release|Any CPU
		{C8615600-F4E9-AE3A-0A67-77AF560C119B}.Release|Any CPU.Build.0 = Release|Any CPU
	EndGlobalSection
	GlobalSection(SolutionProperties) = preSolution
		HideSolutionNode = FALSE
	EndGlobalSection
	GlobalSection(ExtensibilityGlobals) = postSolution
		SolutionGuid = {2EA68069-049B-42BD-B2C9-0462D74E25EE}
	EndGlobalSection
EndGlobal
